
Microsoft Visual Studio Solution File, Format Version 12.00
# Visual Studio Version 17
VisualStudioVersion = 17.5.002.0
MinimumVisualStudioVersion = 10.0.40219.1
Project("{9A19103F-16F7-4668-BE54-9A1E7A4F7556}") = "tp_3", "tp_3.csproj", "{89CA611D-A678-4D10-82FB-BEBC1ECA1F8D}"
EndProject
Global
	GlobalSection(SolutionConfigurationPlatforms) = preSolution
		Debug|Any CPU = Debug|Any CPU
		Release|Any CPU = Release|Any CPU
	EndGlobalSection
	GlobalSection(ProjectConfigurationPlatforms) = postSolution
		{89CA611D-A678-4D10-82FB-BEBC1ECA1F8D}.Debug|Any CPU.ActiveCfg = Debug|Any CPU
		{89CA611D-A678-4D10-82FB-BEBC1ECA1F8D}.Debug|Any CPU.Build.0 = Debug|Any CPU
		{89CA611D-A678-4D10-82FB-BEBC1ECA1F8D}.Release|Any CPU.ActiveCfg = Release|Any CPU
		{89CA611D-A678-4D10-82FB-BEBC1ECA1F8D}.Release|Any CPU.Build.0 = Release|Any CPU
	EndGlobalSection
	GlobalSection(SolutionProperties) = preSolution
		HideSolutionNode = FALSE
	EndGlobalSection
	GlobalSection(ExtensibilityGlobals) = postSolution
		SolutionGuid = {21A8CFBE-33FB-4006-86E3-D33157F96B8D}
	EndGlobalSection
EndGlobal
